
Microsoft Visual Studio Solution File, Format Version 12.00
# Visual Studio Version 16
VisualStudioVersion = 16.0.30804.86
MinimumVisualStudioVersion = 10.0.40219.1
Project("{FAE04EC0-301F-11D3-BF4B-00C04F79EFBC}") = "LGPlusWindowsFormsApp", "LGPlusWindowsFormsApp\LGPlusWindowsFormsApp.csproj", "{1D9B8866-9FC5-4FA0-8BF2-39BCD8A6007D}"
EndProject
Project("{FAE04EC0-301F-11D3-BF4B-00C04F79EFBC}") = "SendMailConsoleApp", "SendMailConsoleApp\SendMailConsoleApp.csproj", "{39553876-DFB8-44E2-9E43-E9F82F160AB5}"
EndProject
Project("{FAE04EC0-301F-11D3-BF4B-00C04F79EFBC}") = "HomePageWebApplication", "HomePageWebApplication\HomePageWebApplication.csproj", "{56517B5A-2AAB-4BB8-9945-BEC78BF486FE}"
EndProject
Project("{FAE04EC0-301F-11D3-BF4B-00C04F79EFBC}") = "RDSWpfApp", "RDSWpfApp\RDSWpfApp.csproj", "{911CC99F-8F0A-463D-A425-8C56CF5AD620}"
EndProject
Project("{2150E333-8FDC-42A3-9474-1A3956D46DE8}") = "library", "library", "{4978E8BB-1B1B-4192-B16E-A71B559C6113}"
EndProject
Project("{FAE04EC0-301F-11D3-BF4B-00C04F79EFBC}") = "LGUPlusCommon", "LGUPlusCommon\LGUPlusCommon.csproj", "{AD2DE54B-DAB8-48FE-8462-A432F34FD9FC}"
EndProject
Global
	GlobalSection(SolutionConfigurationPlatforms) = preSolution
		Debug|Any CPU = Debug|Any CPU
		Release|Any CPU = Release|Any CPU
	EndGlobalSection
	GlobalSection(ProjectConfigurationPlatforms) = postSolution
		{1D9B8866-9FC5-4FA0-8BF2-39BCD8A6007D}.Debug|Any CPU.ActiveCfg = Debug|Any CPU
		{1D9B8866-9FC5-4FA0-8BF2-39BCD8A6007D}.Debug|Any CPU.Build.0 = Debug|Any CPU
		{1D9B8866-9FC5-4FA0-8BF2-39BCD8A6007D}.Release|Any CPU.ActiveCfg = Release|Any CPU
		{1D9B8866-9FC5-4FA0-8BF2-39BCD8A6007D}.Release|Any CPU.Build.0 = Release|Any CPU
		{39553876-DFB8-44E2-9E43-E9F82F160AB5}.Debug|Any CPU.ActiveCfg = Debug|Any CPU
		{39553876-DFB8-44E2-9E43-E9F82F160AB5}.Debug|Any CPU.Build.0 = Debug|Any CPU
		{39553876-DFB8-44E2-9E43-E9F82F160AB5}.Release|Any CPU.ActiveCfg = Release|Any CPU
		{39553876-DFB8-44E2-9E43-E9F82F160AB5}.Release|Any CPU.Build.0 = Release|Any CPU
		{56517B5A-2AAB-4BB8-9945-BEC78BF486FE}.Debug|Any CPU.ActiveCfg = Debug|Any CPU
		{56517B5A-2AAB-4BB8-9945-BEC78BF486FE}.Debug|Any CPU.Build.0 = Debug|Any CPU
		{56517B5A-2AAB-4BB8-9945-BEC78BF486FE}.Release|Any CPU.ActiveCfg = Release|Any CPU
		{56517B5A-2AAB-4BB8-9945-BEC78BF486FE}.Release|Any CPU.Build.0 = Release|Any CPU
		{911CC99F-8F0A-463D-A425-8C56CF5AD620}.Debug|Any CPU.ActiveCfg = Debug|Any CPU
		{911CC99F-8F0A-463D-A425-8C56CF5AD620}.Debug|Any CPU.Build.0 = Debug|Any CPU
		{911CC99F-8F0A-463D-A425-8C56CF5AD620}.Release|Any CPU.ActiveCfg = Release|Any CPU
		{911CC99F-8F0A-463D-A425-8C56CF5AD620}.Release|Any CPU.Build.0 = Release|Any CPU
		{AD2DE54B-DAB8-48FE-8462-A432F34FD9FC}.Debug|Any CPU.ActiveCfg = Debug|Any CPU
		{AD2DE54B-DAB8-48FE-8462-A432F34FD9FC}.Debug|Any CPU.Build.0 = Debug|Any CPU
		{AD2DE54B-DAB8-48FE-8462-A432F34FD9FC}.Release|Any CPU.ActiveCfg = Release|Any CPU
		{AD2DE54B-DAB8-48FE-8462-A432F34FD9FC}.Release|Any CPU.Build.0 = Release|Any CPU
	EndGlobalSection
	GlobalSection(SolutionProperties) = preSolution
		HideSolutionNode = FALSE
	EndGlobalSection
	GlobalSection(ExtensibilityGlobals) = postSolution
		SolutionGuid = {05635314-42E7-4B9A-B763-585E393DF5FE}
	EndGlobalSection
EndGlobal
